{
  "name": "loonar",
  "lockfileVersion": 3,
  "requires": true,
  "packages": {
    "": {
      "dependencies": {
        "quasar": "^2.16.4"
      }
    },
    "node_modules/quasar": {
      "version": "2.16.4",
      "resolved": "https://registry.npmjs.org/quasar/-/quasar-2.16.4.tgz",
      "integrity": "sha512-ICntco9uZ4PeyLgzVckjK3fsS+LG7+rOUmRyR7Gq3XpfeCADs1edIRjlxsPpWBBJvK/9AHLGPO6XNmnJmdJm0A==",
      "engines": {
        "node": ">= 10.18.1",
        "npm": ">= 6.13.4",
        "yarn": ">= 1.21.1"
      },
      "funding": {
        "type": "github",
        "url": "https://donate.quasar.dev"
      }
    }
  }
}
